github.com/davecgh/go-spew v1.1.0/go.mod h1:J7Y8YcW2NihsgmVo/mv3lAwl/skON4iLHjSsI+c5H38=
github.com/davecgh/go-spew v1.1.1 h1:vj9j/u1bqnvCEfJOwUhtlOARqs3+rkHYY13jYWTU97c=
github.com/davecgh/go-spew v1.1.1/go.mod h1:J7Y8YcW2NihsgmVo/mv3lAwl/skON4iLHjSsI+c5H38=
github.com/google/gofuzz v1.0.0/go.mod h1:dBl0BpW6vV/+mYPU4Po3pmUjxk6FQPldtuIdl/M65Eg=
github.com/gookit/color v1.1.7/go.mod h1:R3ogXq2B9rTbXoSHJ1HyUVAZ3poOJHpd9nQmyGZsfvQ=
github.com/gookit/color v1.1.10 h1:VdHboj7tNReSSIMdFTrLanp7NMYi7apKKn8OZmzNJGs=
github.com/gookit/color v1.1.10/go.mod h1:AhIE+pS6D4Ql0SQWbBeXPHw7gY0/sjHoA4s/n1KB7xg=
github.com/gookit/color v1.1.11 h1:rlz1nxBK1cJLL9uZqtwk9+Z7oa0LMHMCFFVKQyMDCNA=
github.com/gookit/color v1.1.11/go.mod h1:AhIE+pS6D4Ql0SQWbBeXPHw7gY0/sjHoA4s/n1KB7xg=
github.com/gookit/goutil v0.1.4 h1:oD+UCY7jk5Bj7I5Npgg3Tvky9bzQQ5lYuebRyNG2StQ=
github.com/gookit/goutil v0.1.4/go.mod h1:LRPzhcWV540XDMnW+7oXy5VRW+lyQ7dWi7blm187ILo=
github.com/gookit/goutil v0.2.0 h1:0qHHyQ36DviqiElo1UDc3KX9duXKY8vVKRgHtKtETOk=
github.com/gookit/goutil v0.2.0/go.mod h1:O87qerqbN9aB6dAoVcI/jqRaLuiWh/Mt5RWzrV1JqIw=
github.com/gorilla/websocket v1.4.0 h1:WDFjx/TMzVgy9VdMMQi2K2Emtwi2QcUQsztZ/zLaH/Q=
github.com/gorilla/websocket v1.4.0/go.mod h1:E7qHFY5m1UJ88s3WnNqhKjPHQ0heANvMoAMk2YaljkQ=
github.com/json-iterator/go v1.1.7 h1:KfgG9LzI+pYjr4xvmz/5H4FXjokeP+rlHLhv3iH62Fo=
github.com/json-iterator/go v1.1.7/go.mod h1:KdQUCv79m/52Kvf8AW2vK1V8akMuk1QjK/uOdHXbAo4=
github.com/modern-go/concurrent v0.0.0-20180228061459-e0a39a4cb421 h1:ZqeYNhU3OHLH3mGKHDcjJRFFRrJa6eAM5H+CtDdOsPc=
github.com/modern-go/concurrent v0.0.0-20180228061459-e0a39a4cb421/go.mod h1:6dJC0mAP4ikYIbvyc7fijjWJddQyLn8Ig3JB5CqoB9Q=
github.com/modern-go/reflect2 v0.0.0-20180701023420-4b7aa43c6742 h1:Esafd1046DLDQ0W1YjYsBW+p8U2u7vzgW2SQVmlNazg=
github.com/modern-go/reflect2 v0.0.0-20180701023420-4b7aa43c6742/go.mod h1:bx2lNnkwVCuqBIxFjflWJWanXIb3RllmbCylyMrvgv0=
github.com/pmezard/go-difflib v1.0.0 h1:4DBwDE0NGyQoBHbLQYPwSUPoCMWR5BEzIk/f1lZbAQM=
github.com/pmezard/go-difflib v1.0.0/go.mod h1:iKH77koFhYxTK1pcRnkKkqfTogsbg7gZNVY4sRDYZ/4=
github.com/stretchr/objx v0.1.0/go.mod h1:HFkY916IF+rwdDfMAkV7OtwuqBVzrE8GR6GFx+wExME=
github.com/stretchr/testify v1.3.0 h1:TivCn/peBQ7UY8ooIcPgZFpTNSz0Q2U6UrFlUfqbe0Q=
github.com/stretchr/testify v1.3.0/go.mod h1:M5WIy9Dh21IEIfnGCwXGc5bZfKNJtfHm1UVUgZn+9EI=
golang.org/x/sys v0.0.0-20190726091711-fc99dfbffb4e/go.mod h1:h1NjWce9XRLGQEsW7wpKNCjG9DtNlClVuFLEZdDNbEs=
