github.com/gookit/assert v0.1.1 h1:lh3GcawXe/p+cU7ESTZ5Ui3Sm/x8JWpIis4/1aF0mY0=
github.com/gookit/assert v0.1.1/go.mod h1:jS5bmIVQZTIwk42uXl4lyj4iaaxx32tqH16CFj0VX2E=
github.com/gookit/color v1.6.1 h1:KoTnDxJPRgrL0SoX0f8rCFg2zI0t4E3GZZBMo2nN8LU=
github.com/gookit/color v1.6.1/go.mod h1:9ACFc7/1IpHGBW8RwuDm/0YEnhg3dwwXpoMsmtyHfjs=
github.com/gookit/filter v1.2.3 h1:Zo7cBOtsVzAoa/jtf+Ury6zlsbJXqInFdUpbbnB2vMM=
github.com/gookit/filter v1.2.3/go.mod h1:nFLJcOV8dRgS1iiX23gUQgmHUhpuS40qCvAGgIvA1pM=
github.com/gookit/goutil v0.7.5 h1:FXLTq+hVniw7UVMnr2i371yXqslgVpXqXszvXCJdEH8=
github.com/gookit/goutil v0.7.5/go.mod h1:vJS9HXctYTCLtCsZot5L5xF+O1oR17cDYO9R0HxBmnU=
github.com/gookit/validate v1.5.7 h1:W0nqxAbgCJ4ND/oR+Tx8yyYn6l+PkFVvGHlG7LxpYsc=
github.com/gookit/validate v1.5.7/go.mod h1:VeThM1saXWVJIG/Yn627PJL9yvap0s4bsjPUIV8I0UI=
github.com/monoculum/formam v3.5.5+incompatible h1:iPl5csfEN96G2N2mGu8V/ZB62XLf9ySTpC8KRH6qXec=
github.com/monoculum/formam v3.5.5+incompatible/go.mod h1:RKgILGEJq24YyJ2ban8EO0RUVSJlF1pGsEvoLEACr/Q=
github.com/xo/terminfo v0.0.0-20220910002029-abceb7e1c41e h1:JVG44RsyaB9T2KIHavMF/ppJZNG9ZpyihvCd0w101no=
github.com/xo/terminfo v0.0.0-20220910002029-abceb7e1c41e/go.mod h1:RbqR21r5mrJuqunuUZ/Dhy/avygyECGrLceyNeo4LiM=
golang.org/x/exp v0.0.0-20220909182711-5c715a9e8561 h1:MDc5xs78ZrZr3HMQugiXOAkSZtfTpbJLDr/lwfgO53E=
golang.org/x/exp v0.0.0-20220909182711-5c715a9e8561/go.mod h1:cyybsKvd6eL0RnXn6p/Grxp8F5bW7iYuBgsNCOHpMYE=
golang.org/x/sync v0.16.0 h1:ycBJEhp9p4vXvUZNszeOq0kGTPghopOL8q0fq3vstxw=
golang.org/x/sync v0.16.0/go.mod h1:1dzgHSNfp02xaA81J2MS99Qcpr2w7fw1gpm99rleRqA=
golang.org/x/sys v0.35.0 h1:vz1N37gP5bs89s7He8XuIYXpyY0+QlsKmzipCbUtyxI=
golang.org/x/sys v0.35.0/go.mod h1:BJP2sWEmIv4KK5OTEluFJCKSidICx8ciO85XgH3Ak8k=
golang.org/x/term v0.29.0 h1:L6pJp37ocefwRRtYPKSWOWzOtWSxVajvz2ldH/xi3iU=
golang.org/x/term v0.29.0/go.mod h1:6bl4lRlvVuDgSf3179VpIxBF0o10JUpXWOnI7nErv7s=
golang.org/x/text v0.28.0 h1:rhazDwis8INMIwQ4tpjLDzUhx6RlXqZNPEM0huQojng=
golang.org/x/text v0.28.0/go.mod h1:U8nCwOR8jO/marOQ0QbDiOngZVEBB7MAiitBuMjXiNU=
